
Microsoft Visual Studio Solution File, Format Version 12.00
# Visual Studio Version 16
VisualStudioVersion = 16.0.31729.503
MinimumVisualStudioVersion = 10.0.40219.1
Project("{FAE04EC0-301F-11D3-BF4B-00C04F79EFBC}") = "SemanticVersion", "SemanticVersion\SemanticVersion.csproj", "{82070172-F3CF-43C0-9A1A-27F6A2F6E8D9}"
EndProject
Project("{FAE04EC0-301F-11D3-BF4B-00C04F79EFBC}") = "SemanticVersionTests", "SemanticVersionTests\SemanticVersionTests.csproj", "{DA0D1F61-994C-46D1-B54A-7512E659EC4D}"
EndProject
Global
	GlobalSection(SolutionConfigurationPlatforms) = preSolution
		Debug|Any CPU = Debug|Any CPU
		Release|Any CPU = Release|Any CPU
	EndGlobalSection
	GlobalSection(ProjectConfigurationPlatforms) = postSolution
		{82070172-F3CF-43C0-9A1A-27F6A2F6E8D9}.Debug|Any CPU.ActiveCfg = Debug|Any CPU
		{82070172-F3CF-43C0-9A1A-27F6A2F6E8D9}.Debug|Any CPU.Build.0 = Debug|Any CPU
		{82070172-F3CF-43C0-9A1A-27F6A2F6E8D9}.Release|Any CPU.ActiveCfg = Release|Any CPU
		{82070172-F3CF-43C0-9A1A-27F6A2F6E8D9}.Release|Any CPU.Build.0 = Release|Any CPU
		{DA0D1F61-994C-46D1-B54A-7512E659EC4D}.Debug|Any CPU.ActiveCfg = Debug|Any CPU
		{DA0D1F61-994C-46D1-B54A-7512E659EC4D}.Debug|Any CPU.Build.0 = Debug|Any CPU
		{DA0D1F61-994C-46D1-B54A-7512E659EC4D}.Release|Any CPU.ActiveCfg = Release|Any CPU
		{DA0D1F61-994C-46D1-B54A-7512E659EC4D}.Release|Any CPU.Build.0 = Release|Any CPU
	EndGlobalSection
	GlobalSection(SolutionProperties) = preSolution
		HideSolutionNode = FALSE
	EndGlobalSection
	GlobalSection(ExtensibilityGlobals) = postSolution
		SolutionGuid = {A29DFB80-20CF-4E61-B927-3BF977951589}
	EndGlobalSection
EndGlobal
